# This file is generated by `lpm install`; do not edit it manually.
version = 2

[[package]]
name = "dervexhero/fusion-03-dev"
version = "0.3.0-dev.1"
environment = "roblox"
link = "fusion"
index = "https://github.com/UpliftGames/wally-index"
type = "zip"
url = "https://api.wally.run/v1/package-contents/dervexhero/fusion-03-dev/0.3.0-dev.1"
