# This file is generated by `lpm install`; do not edit it manually.
version = 2

[[package]]
name = "elttob/fusion"
version = "0.3.0"
environment = "roblox"
link = "fusion"
index = "https://github.com/UpliftGames/wally-index"
type = "zip"
url = "https://api.wally.run/v1/package-contents/elttob/fusion/0.3.0"
